
Microsoft Visual Studio Solution File, Format Version 12.00
# Visual Studio 15
VisualStudioVersion = 15.0.28307.421
MinimumVisualStudioVersion = 10.0.40219.1
Project("{9A19103F-16F7-4668-BE54-9A1E7A4F7556}") = "RPGWizard1", "RPGWizard1\RPGWizard1.csproj", "{7EFB338D-2D7A-4316-93BE-FB8A79F6E8FC}"
EndProject
Global
	GlobalSection(SolutionConfigurationPlatforms) = preSolution
		Debug|Any CPU = Debug|Any CPU
		Release|Any CPU = Release|Any CPU
	EndGlobalSection
	GlobalSection(ProjectConfigurationPlatforms) = postSolution
		{7EFB338D-2D7A-4316-93BE-FB8A79F6E8FC}.Debug|Any CPU.ActiveCfg = Debug|Any CPU
		{7EFB338D-2D7A-4316-93BE-FB8A79F6E8FC}.Debug|Any CPU.Build.0 = Debug|Any CPU
		{7EFB338D-2D7A-4316-93BE-FB8A79F6E8FC}.Release|Any CPU.ActiveCfg = Release|Any CPU
		{7EFB338D-2D7A-4316-93BE-FB8A79F6E8FC}.Release|Any CPU.Build.0 = Release|Any CPU
	EndGlobalSection
	GlobalSection(SolutionProperties) = preSolution
		HideSolutionNode = FALSE
	EndGlobalSection
	GlobalSection(ExtensibilityGlobals) = postSolution
		SolutionGuid = {0703BB00-D90C-454A-A95B-AADC30E1C8BD}
	EndGlobalSection
EndGlobal
